
Microsoft Visual Studio Solution File, Format Version 12.00
# Visual Studio Version 16
VisualStudioVersion = 16.0.30413.136
MinimumVisualStudioVersion = 10.0.40219.1
Project("{FAE04EC0-301F-11D3-BF4B-00C04F79EFBC}") = "Merkkijonolaskin", "Merkkijonolaskin\Merkkijonolaskin.csproj", "{284253B4-C3F8-46C4-AE4D-6B4E9852798A}"
EndProject
Project("{FAE04EC0-301F-11D3-BF4B-00C04F79EFBC}") = "Merkkijonolaskintests", "Merkkijonolaskintests\Merkkijonolaskintests.csproj", "{BA374728-E125-4418-8AAE-26F578190FF1}"
EndProject
Global
	GlobalSection(SolutionConfigurationPlatforms) = preSolution
		Debug|Any CPU = Debug|Any CPU
		Release|Any CPU = Release|Any CPU
	EndGlobalSection
	GlobalSection(ProjectConfigurationPlatforms) = postSolution
		{284253B4-C3F8-46C4-AE4D-6B4E9852798A}.Debug|Any CPU.ActiveCfg = Debug|Any CPU
		{284253B4-C3F8-46C4-AE4D-6B4E9852798A}.Debug|Any CPU.Build.0 = Debug|Any CPU
		{284253B4-C3F8-46C4-AE4D-6B4E9852798A}.Release|Any CPU.ActiveCfg = Release|Any CPU
		{284253B4-C3F8-46C4-AE4D-6B4E9852798A}.Release|Any CPU.Build.0 = Release|Any CPU
		{BA374728-E125-4418-8AAE-26F578190FF1}.Debug|Any CPU.ActiveCfg = Debug|Any CPU
		{BA374728-E125-4418-8AAE-26F578190FF1}.Debug|Any CPU.Build.0 = Debug|Any CPU
		{BA374728-E125-4418-8AAE-26F578190FF1}.Release|Any CPU.ActiveCfg = Release|Any CPU
		{BA374728-E125-4418-8AAE-26F578190FF1}.Release|Any CPU.Build.0 = Release|Any CPU
	EndGlobalSection
	GlobalSection(SolutionProperties) = preSolution
		HideSolutionNode = FALSE
	EndGlobalSection
	GlobalSection(ExtensibilityGlobals) = postSolution
		SolutionGuid = {4D8E2CAA-9544-492B-B889-FB27041021AC}
	EndGlobalSection
EndGlobal
